
Microsoft Visual Studio Solution File, Format Version 12.00
# Visual Studio Version 16
VisualStudioVersion = 16.0.30503.244
MinimumVisualStudioVersion = 10.0.40219.1
Project("{8BC9CEB8-8B4A-11D0-8D11-00A0C91BC942}") = "TrainzTextureTests", "TrainzTextureTests\TrainzTextureTests.vcxproj", "{704BA755-0C71-4B1B-ACAF-599B0F41C55B}"
	ProjectSection(ProjectDependencies) = postProject
		{B954E5AB-5B7D-417A-A99D-F9D522AB8F38} = {B954E5AB-5B7D-417A-A99D-F9D522AB8F38}
	EndProjectSection
EndProject
Project("{8BC9CEB8-8B4A-11D0-8D11-00A0C91BC942}") = "TrainzTexture", "TrainzTexture\TrainzTexture.vcxproj", "{B954E5AB-5B7D-417A-A99D-F9D522AB8F38}"
EndProject
Project("{8BC9CEB8-8B4A-11D0-8D11-00A0C91BC942}") = "DirectXTex", "libs\DirectXTex-jan2021\DirectXTex\DirectXTex_Desktop_2019.vcxproj", "{371B9FA9-4C90-4AC6-A123-ACED756D6C77}"
EndProject
Project("{8BC9CEB8-8B4A-11D0-8D11-00A0C91BC942}") = "TrainzASTC", "TrainzASTC\TrainzASTC.vcxproj", "{422CCE1F-48AA-41D1-9C43-CC859AD61398}"
	ProjectSection(ProjectDependencies) = postProject
		{B954E5AB-5B7D-417A-A99D-F9D522AB8F38} = {B954E5AB-5B7D-417A-A99D-F9D522AB8F38}
	EndProjectSection
EndProject
Global
	GlobalSection(SolutionConfigurationPlatforms) = preSolution
		Debug|x64 = Debug|x64
		Debug|x86 = Debug|x86
		Profile|x64 = Profile|x64
		Profile|x86 = Profile|x86
		Release|x64 = Release|x64
		Release|x86 = Release|x86
	EndGlobalSection
	GlobalSection(ProjectConfigurationPlatforms) = postSolution
		{704BA755-0C71-4B1B-ACAF-599B0F41C55B}.Debug|x64.ActiveCfg = Debug|x64
		{704BA755-0C71-4B1B-ACAF-599B0F41C55B}.Debug|x64.Build.0 = Debug|x64
		{704BA755-0C71-4B1B-ACAF-599B0F41C55B}.Debug|x86.ActiveCfg = Debug|Win32
		{704BA755-0C71-4B1B-ACAF-599B0F41C55B}.Debug|x86.Build.0 = Debug|Win32
		{704BA755-0C71-4B1B-ACAF-599B0F41C55B}.Profile|x64.ActiveCfg = Release|x64
		{704BA755-0C71-4B1B-ACAF-599B0F41C55B}.Profile|x64.Build.0 = Release|x64
		{704BA755-0C71-4B1B-ACAF-599B0F41C55B}.Profile|x86.ActiveCfg = Release|Win32
		{704BA755-0C71-4B1B-ACAF-599B0F41C55B}.Profile|x86.Build.0 = Release|Win32
		{704BA755-0C71-4B1B-ACAF-599B0F41C55B}.Release|x64.ActiveCfg = Release|x64
		{704BA755-0C71-4B1B-ACAF-599B0F41C55B}.Release|x64.Build.0 = Release|x64
		{704BA755-0C71-4B1B-ACAF-599B0F41C55B}.Release|x86.ActiveCfg = Release|Win32
		{704BA755-0C71-4B1B-ACAF-599B0F41C55B}.Release|x86.Build.0 = Release|Win32
		{B954E5AB-5B7D-417A-A99D-F9D522AB8F38}.Debug|x64.ActiveCfg = Debug|x64
		{B954E5AB-5B7D-417A-A99D-F9D522AB8F38}.Debug|x64.Build.0 = Debug|x64
		{B954E5AB-5B7D-417A-A99D-F9D522AB8F38}.Debug|x86.ActiveCfg = Debug|Win32
		{B954E5AB-5B7D-417A-A99D-F9D522AB8F38}.Debug|x86.Build.0 = Debug|Win32
		{B954E5AB-5B7D-417A-A99D-F9D522AB8F38}.Profile|x64.ActiveCfg = Release|x64
		{B954E5AB-5B7D-417A-A99D-F9D522AB8F38}.Profile|x64.Build.0 = Release|x64
		{B954E5AB-5B7D-417A-A99D-F9D522AB8F38}.Profile|x86.ActiveCfg = Release|Win32
		{B954E5AB-5B7D-417A-A99D-F9D522AB8F38}.Profile|x86.Build.0 = Release|Win32
		{B954E5AB-5B7D-417A-A99D-F9D522AB8F38}.Release|x64.ActiveCfg = Release|x64
		{B954E5AB-5B7D-417A-A99D-F9D522AB8F38}.Release|x64.Build.0 = Release|x64
		{B954E5AB-5B7D-417A-A99D-F9D522AB8F38}.Release|x86.ActiveCfg = Release|Win32
		{B954E5AB-5B7D-417A-A99D-F9D522AB8F38}.Release|x86.Build.0 = Release|Win32
		{371B9FA9-4C90-4AC6-A123-ACED756D6C77}.Debug|x64.ActiveCfg = Debug|x64
		{371B9FA9-4C90-4AC6-A123-ACED756D6C77}.Debug|x64.Build.0 = Debug|x64
		{371B9FA9-4C90-4AC6-A123-ACED756D6C77}.Debug|x86.ActiveCfg = Debug|Win32
		{371B9FA9-4C90-4AC6-A123-ACED756D6C77}.Debug|x86.Build.0 = Debug|Win32
		{371B9FA9-4C90-4AC6-A123-ACED756D6C77}.Profile|x64.ActiveCfg = Profile|x64
		{371B9FA9-4C90-4AC6-A123-ACED756D6C77}.Profile|x64.Build.0 = Profile|x64
		{371B9FA9-4C90-4AC6-A123-ACED756D6C77}.Profile|x86.ActiveCfg = Profile|Win32
		{371B9FA9-4C90-4AC6-A123-ACED756D6C77}.Profile|x86.Build.0 = Profile|Win32
		{371B9FA9-4C90-4AC6-A123-ACED756D6C77}.Release|x64.ActiveCfg = Release|x64
		{371B9FA9-4C90-4AC6-A123-ACED756D6C77}.Release|x64.Build.0 = Release|x64
		{371B9FA9-4C90-4AC6-A123-ACED756D6C77}.Release|x86.ActiveCfg = Release|Win32
		{371B9FA9-4C90-4AC6-A123-ACED756D6C77}.Release|x86.Build.0 = Release|Win32
		{422CCE1F-48AA-41D1-9C43-CC859AD61398}.Debug|x64.ActiveCfg = Debug|x64
		{422CCE1F-48AA-41D1-9C43-CC859AD61398}.Debug|x64.Build.0 = Debug|x64
		{422CCE1F-48AA-41D1-9C43-CC859AD61398}.Debug|x86.ActiveCfg = Debug|Win32
		{422CCE1F-48AA-41D1-9C43-CC859AD61398}.Debug|x86.Build.0 = Debug|Win32
		{422CCE1F-48AA-41D1-9C43-CC859AD61398}.Profile|x64.ActiveCfg = Debug|x64
		{422CCE1F-48AA-41D1-9C43-CC859AD61398}.Profile|x64.Build.0 = Debug|x64
		{422CCE1F-48AA-41D1-9C43-CC859AD61398}.Profile|x86.ActiveCfg = Debug|Win32
		{422CCE1F-48AA-41D1-9C43-CC859AD61398}.Profile|x86.Build.0 = Debug|Win32
		{422CCE1F-48AA-41D1-9C43-CC859AD61398}.Release|x64.ActiveCfg = Release|x64
		{422CCE1F-48AA-41D1-9C43-CC859AD61398}.Release|x64.Build.0 = Release|x64
		{422CCE1F-48AA-41D1-9C43-CC859AD61398}.Release|x86.ActiveCfg = Release|Win32
		{422CCE1F-48AA-41D1-9C43-CC859AD61398}.Release|x86.Build.0 = Release|Win32
	EndGlobalSection
	GlobalSection(SolutionProperties) = preSolution
		HideSolutionNode = FALSE
	EndGlobalSection
	GlobalSection(ExtensibilityGlobals) = postSolution
		SolutionGuid = {88A97B4A-C7FF-4F35-A4CC-531E236D5E4E}
	EndGlobalSection
EndGlobal
